
Microsoft Visual Studio Solution File, Format Version 12.00
# Visual Studio 14
VisualStudioVersion = 14.0.25420.1
MinimumVisualStudioVersion = 10.0.40219.1
Project("{FAE04EC0-301F-11D3-BF4B-00C04F79EFBC}") = "WebApplication1", "WebApplication1\WebApplication1.csproj", "{A58C644B-2FD8-4E71-AC2C-72394797FA85}"
EndProject
Project("{FAE04EC0-301F-11D3-BF4B-00C04F79EFBC}") = "ConsoleApplication1", "ConsoleApplication1\ConsoleApplication1.csproj", "{97526FF9-9EDB-4527-A1B2-9BC2BFDAFAAC}"
EndProject
Project("{FAE04EC0-301F-11D3-BF4B-00C04F79EFBC}") = "MvcMovie", "MvcMovie\MvcMovie.csproj", "{C713AF33-D714-403A-BEF4-78CA7C568DE5}"
EndProject
Project("{FAE04EC0-301F-11D3-BF4B-00C04F79EFBC}") = "ContosoUniversity", "ContosoUniversity\ContosoUniversity.csproj", "{148FA68F-E2C8-4760-929D-727D8DD90A01}"
EndProject
Global
	GlobalSection(SolutionConfigurationPlatforms) = preSolution
		Debug|Any CPU = Debug|Any CPU
		Release|Any CPU = Release|Any CPU
	EndGlobalSection
	GlobalSection(ProjectConfigurationPlatforms) = postSolution
		{A58C644B-2FD8-4E71-AC2C-72394797FA85}.Debug|Any CPU.ActiveCfg = Debug|Any CPU
		{A58C644B-2FD8-4E71-AC2C-72394797FA85}.Debug|Any CPU.Build.0 = Debug|Any CPU
		{A58C644B-2FD8-4E71-AC2C-72394797FA85}.Release|Any CPU.ActiveCfg = Release|Any CPU
		{A58C644B-2FD8-4E71-AC2C-72394797FA85}.Release|Any CPU.Build.0 = Release|Any CPU
		{97526FF9-9EDB-4527-A1B2-9BC2BFDAFAAC}.Debug|Any CPU.ActiveCfg = Debug|Any CPU
		{97526FF9-9EDB-4527-A1B2-9BC2BFDAFAAC}.Debug|Any CPU.Build.0 = Debug|Any CPU
		{97526FF9-9EDB-4527-A1B2-9BC2BFDAFAAC}.Release|Any CPU.ActiveCfg = Release|Any CPU
		{97526FF9-9EDB-4527-A1B2-9BC2BFDAFAAC}.Release|Any CPU.Build.0 = Release|Any CPU
		{C713AF33-D714-403A-BEF4-78CA7C568DE5}.Debug|Any CPU.ActiveCfg = Debug|Any CPU
		{C713AF33-D714-403A-BEF4-78CA7C568DE5}.Debug|Any CPU.Build.0 = Debug|Any CPU
		{C713AF33-D714-403A-BEF4-78CA7C568DE5}.Release|Any CPU.ActiveCfg = Release|Any CPU
		{C713AF33-D714-403A-BEF4-78CA7C568DE5}.Release|Any CPU.Build.0 = Release|Any CPU
		{148FA68F-E2C8-4760-929D-727D8DD90A01}.Debug|Any CPU.ActiveCfg = Debug|Any CPU
		{148FA68F-E2C8-4760-929D-727D8DD90A01}.Debug|Any CPU.Build.0 = Debug|Any CPU
		{148FA68F-E2C8-4760-929D-727D8DD90A01}.Release|Any CPU.ActiveCfg = Release|Any CPU
		{148FA68F-E2C8-4760-929D-727D8DD90A01}.Release|Any CPU.Build.0 = Release|Any CPU
	EndGlobalSection
	GlobalSection(SolutionProperties) = preSolution
		HideSolutionNode = FALSE
	EndGlobalSection
EndGlobal
